// !$*UTF8*$!
{
	archiveVersion = 1;
	classes = {
	};
	objectVersion = 48;
	objects = {

/* Begin PBXBuildFile section */
		690CC1E81FE40EDC00827B2C /* ResponseDelay.swift in Sources */ = {isa = PBXBuildFile; fileRef = 690CC1E71FE40EDC00827B2C /* ResponseDelay.swift */; };
		690CC1EA1FE4707900827B2C /* ResponseSimulator.swift in Sources */ = {isa = PBXBuildFile; fileRef = 690CC1E91FE4707900827B2C /* ResponseSimulator.swift */; };
		69720A3F1FDF2B5B00E418D4 /* Networking.swift in Sources */ = {isa = PBXBuildFile; fileRef = 69720A3E1FDF2B5B00E418D4 /* Networking.swift */; };
		69720A411FDF2C0000E418D4 /* ParameterEncoding.swift in Sources */ = {isa = PBXBuildFile; fileRef = 69720A401FDF2C0000E418D4 /* ParameterEncoding.swift */; };
		69720A431FDF2CAA00E418D4 /* HTTPMethod.swift in Sources */ = {isa = PBXBuildFile; fileRef = 69720A421FDF2CAA00E418D4 /* HTTPMethod.swift */; };
		699450471FDE996300DFDF27 /* JSONFire.framework in Frameworks */ = {isa = PBXBuildFile; fileRef = 6994503D1FDE996300DFDF27 /* JSONFire.framework */; };
		6994504C1FDE996300DFDF27 /* JSONFireTests.swift in Sources */ = {isa = PBXBuildFile; fileRef = 6994504B1FDE996300DFDF27 /* JSONFireTests.swift */; };
		6994504E1FDE996300DFDF27 /* JSONFire.h in Headers */ = {isa = PBXBuildFile; fileRef = 699450401FDE996300DFDF27 /* JSONFire.h */; settings = {ATTRIBUTES = (Public, ); }; };
		699450591FDE998D00DFDF27 /* Target.swift in Sources */ = {isa = PBXBuildFile; fileRef = 699450581FDE998D00DFDF27 /* Target.swift */; };
		6994505B1FDE99C400DFDF27 /* JSONFire.swift in Sources */ = {isa = PBXBuildFile; fileRef = 6994505A1FDE99C400DFDF27 /* JSONFire.swift */; };
		6994505D1FDE9D5E00DFDF27 /* Request.swift in Sources */ = {isa = PBXBuildFile; fileRef = 6994505C1FDE9D5E00DFDF27 /* Request.swift */; };
		699450611FDEB3AB00DFDF27 /* Response.swift in Sources */ = {isa = PBXBuildFile; fileRef = 699450601FDEB3AB00DFDF27 /* Response.swift */; };
		8E3C1ECAE890265C33DFE4FF /* Pods_JSONFire.framework in Frameworks */ = {isa = PBXBuildFile; fileRef = 0254EB2F98501EAFDB59BD96 /* Pods_JSONFire.framework */; };
/* End PBXBuildFile section */

/* Begin PBXContainerItemProxy section */
		699450481FDE996300DFDF27 /* PBXContainerItemProxy */ = {
			isa = PBXContainerItemProxy;
			containerPortal = 699450341FDE996300DFDF27 /* Project object */;
			proxyType = 1;
			remoteGlobalIDString = 6994503C1FDE996300DFDF27;
			remoteInfo = JSONFire;
		};
/* End PBXContainerItemProxy section */

/* Begin PBXFileReference section */
		0254EB2F98501EAFDB59BD96 /* Pods_JSONFire.framework */ = {isa = PBXFileReference; explicitFileType = wrapper.framework; includeInIndex = 0; path = Pods_JSONFire.framework; sourceTree = BUILT_PRODUCTS_DIR; };
		1329EF48D983C4AAEDD206A6 /* Pods-JSONFire.release.xcconfig */ = {isa = PBXFileReference; includeInIndex = 1; lastKnownFileType = text.xcconfig; name = "Pods-JSONFire.release.xcconfig"; path = "../JSONFireDemo/Pods/Target Support Files/Pods-JSONFire/Pods-JSONFire.release.xcconfig"; sourceTree = "<group>"; };
		4D468EF348182C3FF7EB1B54 /* Pods-JSONFire.debug.xcconfig */ = {isa = PBXFileReference; includeInIndex = 1; lastKnownFileType = text.xcconfig; name = "Pods-JSONFire.debug.xcconfig"; path = "../JSONFireDemo/Pods/Target Support Files/Pods-JSONFire/Pods-JSONFire.debug.xcconfig"; sourceTree = "<group>"; };
		690CC1E71FE40EDC00827B2C /* ResponseDelay.swift */ = {isa = PBXFileReference; lastKnownFileType = sourcecode.swift; path = ResponseDelay.swift; sourceTree = "<group>"; };
		690CC1E91FE4707900827B2C /* ResponseSimulator.swift */ = {isa = PBXFileReference; lastKnownFileType = sourcecode.swift; path = ResponseSimulator.swift; sourceTree = "<group>"; };
		69720A3E1FDF2B5B00E418D4 /* Networking.swift */ = {isa = PBXFileReference; lastKnownFileType = sourcecode.swift; path = Networking.swift; sourceTree = "<group>"; };
		69720A401FDF2C0000E418D4 /* ParameterEncoding.swift */ = {isa = PBXFileReference; lastKnownFileType = sourcecode.swift; path = ParameterEncoding.swift; sourceTree = "<group>"; };
		69720A421FDF2CAA00E418D4 /* HTTPMethod.swift */ = {isa = PBXFileReference; lastKnownFileType = sourcecode.swift; path = HTTPMethod.swift; sourceTree = "<group>"; };
		6994503D1FDE996300DFDF27 /* JSONFire.framework */ = {isa = PBXFileReference; explicitFileType = wrapper.framework; includeInIndex = 0; path = JSONFire.framework; sourceTree = BUILT_PRODUCTS_DIR; };
		699450401FDE996300DFDF27 /* JSONFire.h */ = {isa = PBXFileReference; lastKnownFileType = sourcecode.c.h; path = JSONFire.h; sourceTree = "<group>"; };
		699450411FDE996300DFDF27 /* Info.plist */ = {isa = PBXFileReference; lastKnownFileType = text.plist.xml; path = Info.plist; sourceTree = "<group>"; };
		699450461FDE996300DFDF27 /* JSONFireTests.xctest */ = {isa = PBXFileReference; explicitFileType = wrapper.cfbundle; includeInIndex = 0; path = JSONFireTests.xctest; sourceTree = BUILT_PRODUCTS_DIR; };
		6994504B1FDE996300DFDF27 /* JSONFireTests.swift */ = {isa = PBXFileReference; lastKnownFileType = sourcecode.swift; path = JSONFireTests.swift; sourceTree = "<group>"; };
		6994504D1FDE996300DFDF27 /* Info.plist */ = {isa = PBXFileReference; lastKnownFileType = text.plist.xml; path = Info.plist; sourceTree = "<group>"; };
		699450581FDE998D00DFDF27 /* Target.swift */ = {isa = PBXFileReference; lastKnownFileType = sourcecode.swift; path = Target.swift; sourceTree = "<group>"; };
		6994505A1FDE99C400DFDF27 /* JSONFire.swift */ = {isa = PBXFileReference; lastKnownFileType = sourcecode.swift; path = JSONFire.swift; sourceTree = "<group>"; };
		6994505C1FDE9D5E00DFDF27 /* Request.swift */ = {isa = PBXFileReference; lastKnownFileType = sourcecode.swift; path = Request.swift; sourceTree = "<group>"; };
		699450601FDEB3AB00DFDF27 /* Response.swift */ = {isa = PBXFileReference; lastKnownFileType = sourcecode.swift; path = Response.swift; sourceTree = "<group>"; };
/* End PBXFileReference section */

/* Begin PBXFrameworksBuildPhase section */
		699450391FDE996300DFDF27 /* Frameworks */ = {
			isa = PBXFrameworksBuildPhase;
			buildActionMask = 2147483647;
			files = (
				8E3C1ECAE890265C33DFE4FF /* Pods_JSONFire.framework in Frameworks */,
			);
			runOnlyForDeploymentPostprocessing = 0;
		};
		699450431FDE996300DFDF27 /* Frameworks */ = {
			isa = PBXFrameworksBuildPhase;
			buildActionMask = 2147483647;
			files = (
				699450471FDE996300DFDF27 /* JSONFire.framework in Frameworks */,
			);
			runOnlyForDeploymentPostprocessing = 0;
		};
/* End PBXFrameworksBuildPhase section */

/* Begin PBXGroup section */
		699450331FDE996300DFDF27 = {
			isa = PBXGroup;
			children = (
				6994503F1FDE996300DFDF27 /* JSONFire */,
				6994504A1FDE996300DFDF27 /* JSONFireTests */,
				6994503E1FDE996300DFDF27 /* Products */,
				7B9865C90BF5CECC53F2A4EB /* Pods */,
				BABCEC174103DF9C400C2683 /* Frameworks */,
			);
			sourceTree = "<group>";
		};
		6994503E1FDE996300DFDF27 /* Products */ = {
			isa = PBXGroup;
			children = (
				6994503D1FDE996300DFDF27 /* JSONFire.framework */,
				699450461FDE996300DFDF27 /* JSONFireTests.xctest */,
			);
			name = Products;
			sourceTree = "<group>";
		};
		6994503F1FDE996300DFDF27 /* JSONFire */ = {
			isa = PBXGroup;
			children = (
				699450571FDE997F00DFDF27 /* Source */,
				699450401FDE996300DFDF27 /* JSONFire.h */,
				699450411FDE996300DFDF27 /* Info.plist */,
			);
			path = JSONFire;
			sourceTree = "<group>";
		};
		6994504A1FDE996300DFDF27 /* JSONFireTests */ = {
			isa = PBXGroup;
			children = (
				6994504B1FDE996300DFDF27 /* JSONFireTests.swift */,
				6994504D1FDE996300DFDF27 /* Info.plist */,
			);
			path = JSONFireTests;
			sourceTree = "<group>";
		};
		699450571FDE997F00DFDF27 /* Source */ = {
			isa = PBXGroup;
			children = (
				6994505A1FDE99C400DFDF27 /* JSONFire.swift */,
				699450581FDE998D00DFDF27 /* Target.swift */,
				690CC1E91FE4707900827B2C /* ResponseSimulator.swift */,
				6994505C1FDE9D5E00DFDF27 /* Request.swift */,
				699450601FDEB3AB00DFDF27 /* Response.swift */,
				690CC1E71FE40EDC00827B2C /* ResponseDelay.swift */,
				69720A3E1FDF2B5B00E418D4 /* Networking.swift */,
				69720A401FDF2C0000E418D4 /* ParameterEncoding.swift */,
				69720A421FDF2CAA00E418D4 /* HTTPMethod.swift */,
			);
			name = Source;
			path = ../../../Source;
			sourceTree = "<group>";
		};
		7B9865C90BF5CECC53F2A4EB /* Pods */ = {
			isa = PBXGroup;
			children = (
				4D468EF348182C3FF7EB1B54 /* Pods-JSONFire.debug.xcconfig */,
				1329EF48D983C4AAEDD206A6 /* Pods-JSONFire.release.xcconfig */,
			);
			name = Pods;
			sourceTree = "<group>";
		};
		BABCEC174103DF9C400C2683 /* Frameworks */ = {
			isa = PBXGroup;
			children = (
				0254EB2F98501EAFDB59BD96 /* Pods_JSONFire.framework */,
			);
			name = Frameworks;
			sourceTree = "<group>";
		};
/* End PBXGroup section */

/* Begin PBXHeadersBuildPhase section */
		6994503A1FDE996300DFDF27 /* Headers */ = {
			isa = PBXHeadersBuildPhase;
			buildActionMask = 2147483647;
			files = (
				6994504E1FDE996300DFDF27 /* JSONFire.h in Headers */,
			);
			runOnlyForDeploymentPostprocessing = 0;
		};
/* End PBXHeadersBuildPhase section */

/* Begin PBXNativeTarget section */
		6994503C1FDE996300DFDF27 /* JSONFire */ = {
			isa = PBXNativeTarget;
			buildConfigurationList = 699450511FDE996300DFDF27 /* Build configuration list for PBXNativeTarget "JSONFire" */;
			buildPhases = (
				C3844D5B3DFCA56FB4366372 /* [CP] Check Pods Manifest.lock */,
				699450381FDE996300DFDF27 /* Sources */,
				699450391FDE996300DFDF27 /* Frameworks */,
				6994503A1FDE996300DFDF27 /* Headers */,
				6994503B1FDE996300DFDF27 /* Resources */,
				E88B6CDB4B7F25C9D81FEB45 /* [CP] Copy Pods Resources */,
			);
			buildRules = (
			);
			dependencies = (
			);
			name = JSONFire;
			productName = JSONFire;
			productReference = 6994503D1FDE996300DFDF27 /* JSONFire.framework */;
			productType = "com.apple.product-type.framework";
		};
		699450451FDE996300DFDF27 /* JSONFireTests */ = {
			isa = PBXNativeTarget;
			buildConfigurationList = 699450541FDE996300DFDF27 /* Build configuration list for PBXNativeTarget "JSONFireTests" */;
			buildPhases = (
				699450421FDE996300DFDF27 /* Sources */,
				699450431FDE996300DFDF27 /* Frameworks */,
				699450441FDE996300DFDF27 /* Resources */,
			);
			buildRules = (
			);
			dependencies = (
				699450491FDE996300DFDF27 /* PBXTargetDependency */,
			);
			name = JSONFireTests;
			productName = JSONFireTests;
			productReference = 699450461FDE996300DFDF27 /* JSONFireTests.xctest */;
			productType = "com.apple.product-type.bundle.unit-test";
		};
/* End PBXNativeTarget section */

/* Begin PBXProject section */
		699450341FDE996300DFDF27 /* Project object */ = {
			isa = PBXProject;
			attributes = {
				LastSwiftUpdateCheck = 0920;
				LastUpgradeCheck = 0920;
				ORGANIZATIONNAME = "Igor Matyushkin";
				TargetAttributes = {
					6994503C1FDE996300DFDF27 = {
						CreatedOnToolsVersion = 9.2;
						LastSwiftMigration = 0920;
						ProvisioningStyle = Automatic;
					};
					699450451FDE996300DFDF27 = {
						CreatedOnToolsVersion = 9.2;
						ProvisioningStyle = Automatic;
					};
				};
			};
			buildConfigurationList = 699450371FDE996300DFDF27 /* Build configuration list for PBXProject "JSONFire" */;
			compatibilityVersion = "Xcode 8.0";
			developmentRegion = en;
			hasScannedForEncodings = 0;
			knownRegions = (
				en,
			);
			mainGroup = 699450331FDE996300DFDF27;
			productRefGroup = 6994503E1FDE996300DFDF27 /* Products */;
			projectDirPath = "";
			projectRoot = "";
			targets = (
				6994503C1FDE996300DFDF27 /* JSONFire */,
				699450451FDE996300DFDF27 /* JSONFireTests */,
			);
		};
/* End PBXProject section */

/* Begin PBXResourcesBuildPhase section */
		6994503B1FDE996300DFDF27 /* Resources */ = {
			isa = PBXResourcesBuildPhase;
			buildActionMask = 2147483647;
			files = (
			);
			runOnlyForDeploymentPostprocessing = 0;
		};
		699450441FDE996300DFDF27 /* Resources */ = {
			isa = PBXResourcesBuildPhase;
			buildActionMask = 2147483647;
			files = (
			);
			runOnlyForDeploymentPostprocessing = 0;
		};
/* End PBXResourcesBuildPhase section */

/* Begin PBXShellScriptBuildPhase section */
		C3844D5B3DFCA56FB4366372 /* [CP] Check Pods Manifest.lock */ = {
			isa = PBXShellScriptBuildPhase;
			buildActionMask = 2147483647;
			files = (
			);
			inputPaths = (
				"${PODS_PODFILE_DIR_PATH}/Podfile.lock",
				"${PODS_ROOT}/Manifest.lock",
			);
			name = "[CP] Check Pods Manifest.lock";
			outputPaths = (
				"$(DERIVED_FILE_DIR)/Pods-JSONFire-checkManifestLockResult.txt",
			);
			runOnlyForDeploymentPostprocessing = 0;
			shellPath = /bin/sh;
			shellScript = "diff \"${PODS_PODFILE_DIR_PATH}/Podfile.lock\" \"${PODS_ROOT}/Manifest.lock\" > /dev/null\nif [ $? != 0 ] ; then\n    # print error to STDERR\n    echo \"error: The sandbox is not in sync with the Podfile.lock. Run 'pod install' or update your CocoaPods installation.\" >&2\n    exit 1\nfi\n# This output is used by Xcode 'outputs' to avoid re-running this script phase.\necho \"SUCCESS\" > \"${SCRIPT_OUTPUT_FILE_0}\"\n";
			showEnvVarsInLog = 0;
		};
		E88B6CDB4B7F25C9D81FEB45 /* [CP] Copy Pods Resources */ = {
			isa = PBXShellScriptBuildPhase;
			buildActionMask = 2147483647;
			files = (
			);
			inputPaths = (
			);
			name = "[CP] Copy Pods Resources";
			outputPaths = (
			);
			runOnlyForDeploymentPostprocessing = 0;
			shellPath = /bin/sh;
			shellScript = "\"${SRCROOT}/../JSONFireDemo/Pods/Target Support Files/Pods-JSONFire/Pods-JSONFire-resources.sh\"\n";
			showEnvVarsInLog = 0;
		};
/* End PBXShellScriptBuildPhase section */

/* Begin PBXSourcesBuildPhase section */
		699450381FDE996300DFDF27 /* Sources */ = {
			isa = PBXSourcesBuildPhase;
			buildActionMask = 2147483647;
			files = (
				69720A411FDF2C0000E418D4 /* ParameterEncoding.swift in Sources */,
				699450611FDEB3AB00DFDF27 /* Response.swift in Sources */,
				69720A431FDF2CAA00E418D4 /* HTTPMethod.swift in Sources */,
				69720A3F1FDF2B5B00E418D4 /* Networking.swift in Sources */,
				699450591FDE998D00DFDF27 /* Target.swift in Sources */,
				690CC1EA1FE4707900827B2C /* ResponseSimulator.swift in Sources */,
				690CC1E81FE40EDC00827B2C /* ResponseDelay.swift in Sources */,
				6994505D1FDE9D5E00DFDF27 /* Request.swift in Sources */,
				6994505B1FDE99C400DFDF27 /* JSONFire.swift in Sources */,
			);
			runOnlyForDeploymentPostprocessing = 0;
		};
		699450421FDE996300DFDF27 /* Sources */ = {
			isa = PBXSourcesBuildPhase;
			buildActionMask = 2147483647;
			files = (
				6994504C1FDE996300DFDF27 /* JSONFireTests.swift in Sources */,
			);
			runOnlyForDeploymentPostprocessing = 0;
		};
/* End PBXSourcesBuildPhase section */

/* Begin PBXTargetDependency section */
		699450491FDE996300DFDF27 /* PBXTargetDependency */ = {
			isa = PBXTargetDependency;
			target = 6994503C1FDE996300DFDF27 /* JSONFire */;
			targetProxy = 699450481FDE996300DFDF27 /* PBXContainerItemProxy */;
		};
/* End PBXTargetDependency section */

/* Begin XCBuildConfiguration section */
		6994504F1FDE996300DFDF27 /* Debug */ = {
			isa = XCBuildConfiguration;
			buildSettings = {
				ALWAYS_SEARCH_USER_PATHS = NO;
				CLANG_ANALYZER_NONNULL = YES;
				CLANG_ANALYZER_NUMBER_OBJECT_CONVERSION = YES_AGGRESSIVE;
				CLANG_CXX_LANGUAGE_STANDARD = "gnu++14";
				CLANG_CXX_LIBRARY = "libc++";
				CLANG_ENABLE_MODULES = YES;
				CLANG_ENABLE_OBJC_ARC = YES;
				CLANG_WARN_BLOCK_CAPTURE_AUTORELEASING = YES;
				CLANG_WARN_BOOL_CONVERSION = YES;
				CLANG_WARN_COMMA = YES;
				CLANG_WARN_CONSTANT_CONVERSION = YES;
				CLANG_WARN_DIRECT_OBJC_ISA_USAGE = YES_ERROR;
				CLANG_WARN_DOCUMENTATION_COMMENTS = YES;
				CLANG_WARN_EMPTY_BODY = YES;
				CLANG_WARN_ENUM_CONVERSION = YES;
				CLANG_WARN_INFINITE_RECURSION = YES;
				CLANG_WARN_INT_CONVERSION = YES;
				CLANG_WARN_NON_LITERAL_NULL_CONVERSION = YES;
				CLANG_WARN_OBJC_LITERAL_CONVERSION = YES;
				CLANG_WARN_OBJC_ROOT_CLASS = YES_ERROR;
				CLANG_WARN_RANGE_LOOP_ANALYSIS = YES;
				CLANG_WARN_STRICT_PROTOTYPES = YES;
				CLANG_WARN_SUSPICIOUS_MOVE = YES;
				CLANG_WARN_UNGUARDED_AVAILABILITY = YES_AGGRESSIVE;
				CLANG_WARN_UNREACHABLE_CODE = YES;
				CLANG_WARN__DUPLICATE_METHOD_MATCH = YES;
				CODE_SIGN_IDENTITY = "iPhone Developer";
				COPY_PHASE_STRIP = NO;
				CURRENT_PROJECT_VERSION = 1;
				DEBUG_INFORMATION_FORMAT = dwarf;
				ENABLE_STRICT_OBJC_MSGSEND = YES;
				ENABLE_TESTABILITY = YES;
				GCC_C_LANGUAGE_STANDARD = gnu11;
				GCC_DYNAMIC_NO_PIC = NO;
				GCC_NO_COMMON_BLOCKS = YES;
				GCC_OPTIMIZATION_LEVEL = 0;
				GCC_PREPROCESSOR_DEFINITIONS = (
					"DEBUG=1",
					"$(inherited)",
				);
				GCC_WARN_64_TO_32_BIT_CONVERSION = YES;
				GCC_WARN_ABOUT_RETURN_TYPE = YES_ERROR;
				GCC_WARN_UNDECLARED_SELECTOR = YES;
				GCC_WARN_UNINITIALIZED_AUTOS = YES_AGGRESSIVE;
				GCC_WARN_UNUSED_FUNCTION = YES;
				GCC_WARN_UNUSED_VARIABLE = YES;
				IPHONEOS_DEPLOYMENT_TARGET = 11.2;
				MTL_ENABLE_DEBUG_INFO = YES;
				ONLY_ACTIVE_ARCH = YES;
				SDKROOT = iphoneos;
				SWIFT_ACTIVE_COMPILATION_CONDITIONS = DEBUG;
				SWIFT_OPTIMIZATION_LEVEL = "-Onone";
				VERSIONING_SYSTEM = "apple-generic";
				VERSION_INFO_PREFIX = "";
			};
			name = Debug;
		};
		699450501FDE996300DFDF27 /* Release */ = {
			isa = XCBuildConfiguration;
			buildSettings = {
				ALWAYS_SEARCH_USER_PATHS = NO;
				CLANG_ANALYZER_NONNULL = YES;
				CLANG_ANALYZER_NUMBER_OBJECT_CONVERSION = YES_AGGRESSIVE;
				CLANG_CXX_LANGUAGE_STANDARD = "gnu++14";
				CLANG_CXX_LIBRARY = "libc++";
				CLANG_ENABLE_MODULES = YES;
				CLANG_ENABLE_OBJC_ARC = YES;
				CLANG_WARN_BLOCK_CAPTURE_AUTORELEASING = YES;
				CLANG_WARN_BOOL_CONVERSION = YES;
				CLANG_WARN_COMMA = YES;
				CLANG_WARN_CONSTANT_CONVERSION = YES;
				CLANG_WARN_DIRECT_OBJC_ISA_USAGE = YES_ERROR;
				CLANG_WARN_DOCUMENTATION_COMMENTS = YES;
				CLANG_WARN_EMPTY_BODY = YES;
				CLANG_WARN_ENUM_CONVERSION = YES;
				CLANG_WARN_INFINITE_RECURSION = YES;
				CLANG_WARN_INT_CONVERSION = YES;
				CLANG_WARN_NON_LITERAL_NULL_CONVERSION = YES;
				CLANG_WARN_OBJC_LITERAL_CONVERSION = YES;
				CLANG_WARN_OBJC_ROOT_CLASS = YES_ERROR;
				CLANG_WARN_RANGE_LOOP_ANALYSIS = YES;
				CLANG_WARN_STRICT_PROTOTYPES = YES;
				CLANG_WARN_SUSPICIOUS_MOVE = YES;
				CLANG_WARN_UNGUARDED_AVAILABILITY = YES_AGGRESSIVE;
				CLANG_WARN_UNREACHABLE_CODE = YES;
				CLANG_WARN__DUPLICATE_METHOD_MATCH = YES;
				CODE_SIGN_IDENTITY = "iPhone Developer";
				COPY_PHASE_STRIP = NO;
				CURRENT_PROJECT_VERSION = 1;
				DEBUG_INFORMATION_FORMAT = "dwarf-with-dsym";
				ENABLE_NS_ASSERTIONS = NO;
				ENABLE_STRICT_OBJC_MSGSEND = YES;
				GCC_C_LANGUAGE_STANDARD = gnu11;
				GCC_NO_COMMON_BLOCKS = YES;
				GCC_WARN_64_TO_32_BIT_CONVERSION = YES;
				GCC_WARN_ABOUT_RETURN_TYPE = YES_ERROR;
				GCC_WARN_UNDECLARED_SELECTOR = YES;
				GCC_WARN_UNINITIALIZED_AUTOS = YES_AGGRESSIVE;
				GCC_WARN_UNUSED_FUNCTION = YES;
				GCC_WARN_UNUSED_VARIABLE = YES;
				IPHONEOS_DEPLOYMENT_TARGET = 11.2;
				MTL_ENABLE_DEBUG_INFO = NO;
				SDKROOT = iphoneos;
				SWIFT_OPTIMIZATION_LEVEL = "-Owholemodule";
				VALIDATE_PRODUCT = YES;
				VERSIONING_SYSTEM = "apple-generic";
				VERSION_INFO_PREFIX = "";
			};
			name = Release;
		};
		699450521FDE996300DFDF27 /* Debug */ = {
			isa = XCBuildConfiguration;
			baseConfigurationReference = 4D468EF348182C3FF7EB1B54 /* Pods-JSONFire.debug.xcconfig */;
			buildSettings = {
				CLANG_ENABLE_MODULES = YES;
				CODE_SIGN_IDENTITY = "";
				CODE_SIGN_STYLE = Automatic;
				DEFINES_MODULE = YES;
				DYLIB_COMPATIBILITY_VERSION = 1;
				DYLIB_CURRENT_VERSION = 1;
				DYLIB_INSTALL_NAME_BASE = "@rpath";
				INFOPLIST_FILE = JSONFire/Info.plist;
				INSTALL_PATH = "$(LOCAL_LIBRARY_DIR)/Frameworks";
				IPHONEOS_DEPLOYMENT_TARGET = 9.0;
				LD_RUNPATH_SEARCH_PATHS = "$(inherited) @executable_path/Frameworks @loader_path/Frameworks";
				PRODUCT_BUNDLE_IDENTIFIER = com.visuality.JSONFire;
				PRODUCT_NAME = "$(TARGET_NAME:c99extidentifier)";
				SKIP_INSTALL = YES;
				SWIFT_OPTIMIZATION_LEVEL = "-Onone";
				SWIFT_VERSION = 4.0;
				TARGETED_DEVICE_FAMILY = "1,2";
			};
			name = Debug;
		};
		699450531FDE996300DFDF27 /* Release */ = {
			isa = XCBuildConfiguration;
			baseConfigurationReference = 1329EF48D983C4AAEDD206A6 /* Pods-JSONFire.release.xcconfig */;
			buildSettings = {
				CLANG_ENABLE_MODULES = YES;
				CODE_SIGN_IDENTITY = "";
				CODE_SIGN_STYLE = Automatic;
				DEFINES_MODULE = YES;
				DYLIB_COMPATIBILITY_VERSION = 1;
				DYLIB_CURRENT_VERSION = 1;
				DYLIB_INSTALL_NAME_BASE = "@rpath";
				INFOPLIST_FILE = JSONFire/Info.plist;
				INSTALL_PATH = "$(LOCAL_LIBRARY_DIR)/Frameworks";
				IPHONEOS_DEPLOYMENT_TARGET = 9.0;
				LD_RUNPATH_SEARCH_PATHS = "$(inherited) @executable_path/Frameworks @loader_path/Frameworks";
				PRODUCT_BUNDLE_IDENTIFIER = com.visuality.JSONFire;
				PRODUCT_NAME = "$(TARGET_NAME:c99extidentifier)";
				SKIP_INSTALL = YES;
				SWIFT_VERSION = 4.0;
				TARGETED_DEVICE_FAMILY = "1,2";
			};
			name = Release;
		};
		699450551FDE996300DFDF27 /* Debug */ = {
			isa = XCBuildConfiguration;
			buildSettings = {
				ALWAYS_EMBED_SWIFT_STANDARD_LIBRARIES = YES;
				CODE_SIGN_STYLE = Automatic;
				INFOPLIST_FILE = JSONFireTests/Info.plist;
				LD_RUNPATH_SEARCH_PATHS = "$(inherited) @executable_path/Frameworks @loader_path/Frameworks";
				PRODUCT_BUNDLE_IDENTIFIER = com.visuality.JSONFireTests;
				PRODUCT_NAME = "$(TARGET_NAME)";
				SWIFT_VERSION = 4.0;
				TARGETED_DEVICE_FAMILY = "1,2";
			};
			name = Debug;
		};
		699450561FDE996300DFDF27 /* Release */ = {
			isa = XCBuildConfiguration;
			buildSettings = {
				ALWAYS_EMBED_SWIFT_STANDARD_LIBRARIES = YES;
				CODE_SIGN_STYLE = Automatic;
				INFOPLIST_FILE = JSONFireTests/Info.plist;
				LD_RUNPATH_SEARCH_PATHS = "$(inherited) @executable_path/Frameworks @loader_path/Frameworks";
				PRODUCT_BUNDLE_IDENTIFIER = com.visuality.JSONFireTests;
				PRODUCT_NAME = "$(TARGET_NAME)";
				SWIFT_VERSION = 4.0;
				TARGETED_DEVICE_FAMILY = "1,2";
			};
			name = Release;
		};
/* End XCBuildConfiguration section */

/* Begin XCConfigurationList section */
		699450371FDE996300DFDF27 /* Build configuration list for PBXProject "JSONFire" */ = {
			isa = XCConfigurationList;
			buildConfigurations = (
				6994504F1FDE996300DFDF27 /* Debug */,
				699450501FDE996300DFDF27 /* Release */,
			);
			defaultConfigurationIsVisible = 0;
			defaultConfigurationName = Release;
		};
		699450511FDE996300DFDF27 /* Build configuration list for PBXNativeTarget "JSONFire" */ = {
			isa = XCConfigurationList;
			buildConfigurations = (
				699450521FDE996300DFDF27 /* Debug */,
				699450531FDE996300DFDF27 /* Release */,
			);
			defaultConfigurationIsVisible = 0;
			defaultConfigurationName = Release;
		};
		699450541FDE996300DFDF27 /* Build configuration list for PBXNativeTarget "JSONFireTests" */ = {
			isa = XCConfigurationList;
			buildConfigurations = (
				699450551FDE996300DFDF27 /* Debug */,
				699450561FDE996300DFDF27 /* Release */,
			);
			defaultConfigurationIsVisible = 0;
			defaultConfigurationName = Release;
		};
/* End XCConfigurationList section */
	};
	rootObject = 699450341FDE996300DFDF27 /* Project object */;
}
